
Microsoft Visual Studio Solution File, Format Version 12.00
# Visual Studio 14
VisualStudioVersion = 14.0.23107.0
MinimumVisualStudioVersion = 10.0.40219.1
Project("{FAE04EC0-301F-11D3-BF4B-00C04F79EFBC}") = "lshOA.UI", "lshOA.UI\lshOA.UI.csproj", "{33116BBC-FD25-49E8-A44E-47BD0DCFC561}"
EndProject
Project("{FAE04EC0-301F-11D3-BF4B-00C04F79EFBC}") = "lshOA.MODEL", "lshOA.MODEL\lshOA.MODEL.csproj", "{F71AAD09-1644-4E25-BAAF-B1A9D2409418}"
EndProject
Project("{FAE04EC0-301F-11D3-BF4B-00C04F79EFBC}") = "lshOA.BLL", "lshOA.BLL\lshOA.BLL.csproj", "{775EBD96-0EC5-49EF-8DAD-EAA8C5CD9D8E}"
EndProject
Project("{FAE04EC0-301F-11D3-BF4B-00C04F79EFBC}") = "lshOA.IDAL", "lshOA.IDAL\lshOA.IDAL.csproj", "{D7D39F31-75A9-4D13-9AD1-48EDC429A1C8}"
EndProject
Project("{FAE04EC0-301F-11D3-BF4B-00C04F79EFBC}") = "lshOA.COMMON", "lshOA.COMMON\lshOA.COMMON.csproj", "{CF235654-BA16-4931-9E11-95569AE385B5}"
EndProject
Project("{FAE04EC0-301F-11D3-BF4B-00C04F79EFBC}") = "lshOA..IBLL", "lshOA..IBLL\lshOA..IBLL.csproj", "{BBF53C8B-B0AC-4AF3-A2CD-D49EA40E5420}"
EndProject
Project("{FAE04EC0-301F-11D3-BF4B-00C04F79EFBC}") = "lshOA.DALSQLSer", "lshOA.DALSQLSer\lshOA.DALSQLSer.csproj", "{13B68F37-E2FC-4422-93A9-0AFA5ADB2038}"
EndProject
Project("{2150E333-8FDC-42A3-9474-1A3956D46DE8}") = "01UI", "01UI", "{E2CBC5E9-F51B-4016-A6E0-65E55493D293}"
EndProject
Project("{2150E333-8FDC-42A3-9474-1A3956D46DE8}") = "02Service", "02Service", "{7DD0A556-E91B-4E35-BAF7-28B015FDCA67}"
EndProject
Project("{2150E333-8FDC-42A3-9474-1A3956D46DE8}") = "03Respositry", "03Respositry", "{030D6796-A027-45B8-B8EC-FA8971526E79}"
EndProject
Project("{2150E333-8FDC-42A3-9474-1A3956D46DE8}") = "04Infrastructure", "04Infrastructure", "{D580D9D5-3A0C-49B1-B398-7DFAFCBF1E07}"
EndProject
Project("{FAE04EC0-301F-11D3-BF4B-00C04F79EFBC}") = "lshOA.DALFactory", "lshOA.DALFactory\lshOA.DALFactory.csproj", "{B103663B-3E79-4857-8F34-764EFE587FB9}"
EndProject
Project("{2150E333-8FDC-42A3-9474-1A3956D46DE8}") = "00-schema", "00-schema", "{B95DCA0F-405E-4BF0-B8A3-411E61D7A25F}"
	ProjectSection(SolutionItems) = preProject
		lshOA.UI\Lib\spring-objects-1.3.xsd = lshOA.UI\Lib\spring-objects-1.3.xsd
	EndProjectSection
EndProject
Project("{2150E333-8FDC-42A3-9474-1A3956D46DE8}") = "demo", "demo", "{2964A27A-2636-4D03-A234-FD65317919E0}"
EndProject
Project("{FAE04EC0-301F-11D3-BF4B-00C04F79EFBC}") = "memmcache", "memmcache\memmcache.csproj", "{A317C853-77F9-4783-A433-18C7DCEE3F44}"
EndProject
Project("{FAE04EC0-301F-11D3-BF4B-00C04F79EFBC}") = "LuceneNet", "LuceneNet\LuceneNet.csproj", "{F57A97E6-F415-41C6-BD2B-20E2E3B99F24}"
EndProject
Project("{FAE04EC0-301F-11D3-BF4B-00C04F79EFBC}") = "LuceneNet3.0", "LuceneNet3.0\LuceneNet3.0.csproj", "{EE67D199-066F-41A6-B541-46F1DB1251D4}"
EndProject
Project("{FAE04EC0-301F-11D3-BF4B-00C04F79EFBC}") = "lshOA.WF", "lshOA.WF\lshOA.WF.csproj", "{A960C1B7-56BB-4DE8-AA35-DF54ECB481C8}"
EndProject
Global
	GlobalSection(SolutionConfigurationPlatforms) = preSolution
		Debug|Any CPU = Debug|Any CPU
		Release|Any CPU = Release|Any CPU
	EndGlobalSection
	GlobalSection(ProjectConfigurationPlatforms) = postSolution
		{33116BBC-FD25-49E8-A44E-47BD0DCFC561}.Debug|Any CPU.ActiveCfg = Debug|Any CPU
		{33116BBC-FD25-49E8-A44E-47BD0DCFC561}.Debug|Any CPU.Build.0 = Debug|Any CPU
		{33116BBC-FD25-49E8-A44E-47BD0DCFC561}.Release|Any CPU.ActiveCfg = Release|Any CPU
		{33116BBC-FD25-49E8-A44E-47BD0DCFC561}.Release|Any CPU.Build.0 = Release|Any CPU
		{F71AAD09-1644-4E25-BAAF-B1A9D2409418}.Debug|Any CPU.ActiveCfg = Debug|Any CPU
		{F71AAD09-1644-4E25-BAAF-B1A9D2409418}.Debug|Any CPU.Build.0 = Debug|Any CPU
		{F71AAD09-1644-4E25-BAAF-B1A9D2409418}.Release|Any CPU.ActiveCfg = Release|Any CPU
		{F71AAD09-1644-4E25-BAAF-B1A9D2409418}.Release|Any CPU.Build.0 = Release|Any CPU
		{775EBD96-0EC5-49EF-8DAD-EAA8C5CD9D8E}.Debug|Any CPU.ActiveCfg = Debug|Any CPU
		{775EBD96-0EC5-49EF-8DAD-EAA8C5CD9D8E}.Debug|Any CPU.Build.0 = Debug|Any CPU
		{775EBD96-0EC5-49EF-8DAD-EAA8C5CD9D8E}.Release|Any CPU.ActiveCfg = Release|Any CPU
		{775EBD96-0EC5-49EF-8DAD-EAA8C5CD9D8E}.Release|Any CPU.Build.0 = Release|Any CPU
		{D7D39F31-75A9-4D13-9AD1-48EDC429A1C8}.Debug|Any CPU.ActiveCfg = Debug|Any CPU
		{D7D39F31-75A9-4D13-9AD1-48EDC429A1C8}.Debug|Any CPU.Build.0 = Debug|Any CPU
		{D7D39F31-75A9-4D13-9AD1-48EDC429A1C8}.Release|Any CPU.ActiveCfg = Release|Any CPU
		{D7D39F31-75A9-4D13-9AD1-48EDC429A1C8}.Release|Any CPU.Build.0 = Release|Any CPU
		{CF235654-BA16-4931-9E11-95569AE385B5}.Debug|Any CPU.ActiveCfg = Debug|Any CPU
		{CF235654-BA16-4931-9E11-95569AE385B5}.Debug|Any CPU.Build.0 = Debug|Any CPU
		{CF235654-BA16-4931-9E11-95569AE385B5}.Release|Any CPU.ActiveCfg = Release|Any CPU
		{CF235654-BA16-4931-9E11-95569AE385B5}.Release|Any CPU.Build.0 = Release|Any CPU
		{BBF53C8B-B0AC-4AF3-A2CD-D49EA40E5420}.Debug|Any CPU.ActiveCfg = Debug|Any CPU
		{BBF53C8B-B0AC-4AF3-A2CD-D49EA40E5420}.Debug|Any CPU.Build.0 = Debug|Any CPU
		{BBF53C8B-B0AC-4AF3-A2CD-D49EA40E5420}.Release|Any CPU.ActiveCfg = Release|Any CPU
		{BBF53C8B-B0AC-4AF3-A2CD-D49EA40E5420}.Release|Any CPU.Build.0 = Release|Any CPU
		{13B68F37-E2FC-4422-93A9-0AFA5ADB2038}.Debug|Any CPU.ActiveCfg = Debug|Any CPU
		{13B68F37-E2FC-4422-93A9-0AFA5ADB2038}.Debug|Any CPU.Build.0 = Debug|Any CPU
		{13B68F37-E2FC-4422-93A9-0AFA5ADB2038}.Release|Any CPU.ActiveCfg = Release|Any CPU
		{13B68F37-E2FC-4422-93A9-0AFA5ADB2038}.Release|Any CPU.Build.0 = Release|Any CPU
		{B103663B-3E79-4857-8F34-764EFE587FB9}.Debug|Any CPU.ActiveCfg = Debug|Any CPU
		{B103663B-3E79-4857-8F34-764EFE587FB9}.Debug|Any CPU.Build.0 = Debug|Any CPU
		{B103663B-3E79-4857-8F34-764EFE587FB9}.Release|Any CPU.ActiveCfg = Release|Any CPU
		{B103663B-3E79-4857-8F34-764EFE587FB9}.Release|Any CPU.Build.0 = Release|Any CPU
		{A317C853-77F9-4783-A433-18C7DCEE3F44}.Debug|Any CPU.ActiveCfg = Debug|Any CPU
		{A317C853-77F9-4783-A433-18C7DCEE3F44}.Debug|Any CPU.Build.0 = Debug|Any CPU
		{A317C853-77F9-4783-A433-18C7DCEE3F44}.Release|Any CPU.ActiveCfg = Release|Any CPU
		{A317C853-77F9-4783-A433-18C7DCEE3F44}.Release|Any CPU.Build.0 = Release|Any CPU
		{F57A97E6-F415-41C6-BD2B-20E2E3B99F24}.Debug|Any CPU.ActiveCfg = Debug|Any CPU
		{F57A97E6-F415-41C6-BD2B-20E2E3B99F24}.Debug|Any CPU.Build.0 = Debug|Any CPU
		{F57A97E6-F415-41C6-BD2B-20E2E3B99F24}.Release|Any CPU.ActiveCfg = Release|Any CPU
		{F57A97E6-F415-41C6-BD2B-20E2E3B99F24}.Release|Any CPU.Build.0 = Release|Any CPU
		{EE67D199-066F-41A6-B541-46F1DB1251D4}.Debug|Any CPU.ActiveCfg = Debug|Any CPU
		{EE67D199-066F-41A6-B541-46F1DB1251D4}.Debug|Any CPU.Build.0 = Debug|Any CPU
		{EE67D199-066F-41A6-B541-46F1DB1251D4}.Release|Any CPU.ActiveCfg = Release|Any CPU
		{EE67D199-066F-41A6-B541-46F1DB1251D4}.Release|Any CPU.Build.0 = Release|Any CPU
		{A960C1B7-56BB-4DE8-AA35-DF54ECB481C8}.Debug|Any CPU.ActiveCfg = Debug|Any CPU
		{A960C1B7-56BB-4DE8-AA35-DF54ECB481C8}.Debug|Any CPU.Build.0 = Debug|Any CPU
		{A960C1B7-56BB-4DE8-AA35-DF54ECB481C8}.Release|Any CPU.ActiveCfg = Release|Any CPU
		{A960C1B7-56BB-4DE8-AA35-DF54ECB481C8}.Release|Any CPU.Build.0 = Release|Any CPU
	EndGlobalSection
	GlobalSection(SolutionProperties) = preSolution
		HideSolutionNode = FALSE
	EndGlobalSection
	GlobalSection(NestedProjects) = preSolution
		{33116BBC-FD25-49E8-A44E-47BD0DCFC561} = {E2CBC5E9-F51B-4016-A6E0-65E55493D293}
		{F71AAD09-1644-4E25-BAAF-B1A9D2409418} = {D580D9D5-3A0C-49B1-B398-7DFAFCBF1E07}
		{775EBD96-0EC5-49EF-8DAD-EAA8C5CD9D8E} = {7DD0A556-E91B-4E35-BAF7-28B015FDCA67}
		{D7D39F31-75A9-4D13-9AD1-48EDC429A1C8} = {030D6796-A027-45B8-B8EC-FA8971526E79}
		{CF235654-BA16-4931-9E11-95569AE385B5} = {D580D9D5-3A0C-49B1-B398-7DFAFCBF1E07}
		{BBF53C8B-B0AC-4AF3-A2CD-D49EA40E5420} = {7DD0A556-E91B-4E35-BAF7-28B015FDCA67}
		{13B68F37-E2FC-4422-93A9-0AFA5ADB2038} = {030D6796-A027-45B8-B8EC-FA8971526E79}
		{B103663B-3E79-4857-8F34-764EFE587FB9} = {030D6796-A027-45B8-B8EC-FA8971526E79}
		{A317C853-77F9-4783-A433-18C7DCEE3F44} = {2964A27A-2636-4D03-A234-FD65317919E0}
		{F57A97E6-F415-41C6-BD2B-20E2E3B99F24} = {2964A27A-2636-4D03-A234-FD65317919E0}
		{EE67D199-066F-41A6-B541-46F1DB1251D4} = {2964A27A-2636-4D03-A234-FD65317919E0}
		{A960C1B7-56BB-4DE8-AA35-DF54ECB481C8} = {E2CBC5E9-F51B-4016-A6E0-65E55493D293}
	EndGlobalSection
EndGlobal
